
Microsoft Visual Studio Solution File, Format Version 12.00
# Visual Studio Version 16
VisualStudioVersion = 16.0.30804.86
MinimumVisualStudioVersion = 10.0.40219.1
Project("{9A19103F-16F7-4668-BE54-9A1E7A4F7556}") = "SqlServerToCouchbase.Console", "SqlServerToCouchbase.Console\SqlServerToCouchbase.Console.csproj", "{4067D123-F213-4FBC-849D-EF7D3F8D5156}"
EndProject
Project("{9A19103F-16F7-4668-BE54-9A1E7A4F7556}") = "SqlServerToCouchbase", "SqlServerToCouchbase\SqlServerToCouchbase.csproj", "{57489DBA-688F-4A10-9B51-1528871FDA9B}"
EndProject
Project("{2150E333-8FDC-42A3-9474-1A3956D46DE8}") = "Solution Items", "Solution Items", "{BCFC6D13-EA9F-4A46-9F82-DA84A77581A9}"
	ProjectSection(SolutionItems) = preProject
		README.md = README.md
	EndProjectSection
EndProject
Project("{E53339B2-1760-4266-BCC7-CA923CBCF16C}") = "docker-compose", "docker-compose.dcproj", "{88B6E614-4D69-46C9-96AF-F677C305BCC6}"
EndProject
Global
	GlobalSection(SolutionConfigurationPlatforms) = preSolution
		Debug|Any CPU = Debug|Any CPU
		Release|Any CPU = Release|Any CPU
	EndGlobalSection
	GlobalSection(ProjectConfigurationPlatforms) = postSolution
		{4067D123-F213-4FBC-849D-EF7D3F8D5156}.Debug|Any CPU.ActiveCfg = Debug|Any CPU
		{4067D123-F213-4FBC-849D-EF7D3F8D5156}.Debug|Any CPU.Build.0 = Debug|Any CPU
		{4067D123-F213-4FBC-849D-EF7D3F8D5156}.Release|Any CPU.ActiveCfg = Release|Any CPU
		{4067D123-F213-4FBC-849D-EF7D3F8D5156}.Release|Any CPU.Build.0 = Release|Any CPU
		{57489DBA-688F-4A10-9B51-1528871FDA9B}.Debug|Any CPU.ActiveCfg = Debug|Any CPU
		{57489DBA-688F-4A10-9B51-1528871FDA9B}.Debug|Any CPU.Build.0 = Debug|Any CPU
		{57489DBA-688F-4A10-9B51-1528871FDA9B}.Release|Any CPU.ActiveCfg = Release|Any CPU
		{57489DBA-688F-4A10-9B51-1528871FDA9B}.Release|Any CPU.Build.0 = Release|Any CPU
		{88B6E614-4D69-46C9-96AF-F677C305BCC6}.Debug|Any CPU.ActiveCfg = Debug|Any CPU
		{88B6E614-4D69-46C9-96AF-F677C305BCC6}.Debug|Any CPU.Build.0 = Debug|Any CPU
		{88B6E614-4D69-46C9-96AF-F677C305BCC6}.Release|Any CPU.ActiveCfg = Release|Any CPU
		{88B6E614-4D69-46C9-96AF-F677C305BCC6}.Release|Any CPU.Build.0 = Release|Any CPU
	EndGlobalSection
	GlobalSection(SolutionProperties) = preSolution
		HideSolutionNode = FALSE
	EndGlobalSection
	GlobalSection(ExtensibilityGlobals) = postSolution
		SolutionGuid = {3F593E2D-9A0D-4895-A1BA-24648D254FA1}
	EndGlobalSection
EndGlobal
